
Microsoft Visual Studio Solution File, Format Version 12.00
# Visual Studio 14
VisualStudioVersion = 14.0.25420.1
MinimumVisualStudioVersion = 10.0.40219.1
Project("{FAE04EC0-301F-11D3-BF4B-00C04F79EFBC}") = "MyEmployees.Web", "MyEmployees.Web\MyEmployees.Web.csproj", "{453236E3-D6A8-49E0-883D-F737CB7694FD}"
EndProject
Project("{2150E333-8FDC-42A3-9474-1A3956D46DE8}") = "Web", "Web", "{0A9DAA0D-0EDB-4D7C-9C63-56F7EED693C5}"
EndProject
Project("{2150E333-8FDC-42A3-9474-1A3956D46DE8}") = "Client", "Client", "{21F38F06-DD33-42D8-A15B-F2AE958D148E}"
EndProject
Project("{FAE04EC0-301F-11D3-BF4B-00C04F79EFBC}") = "MyEmployees.Client", "MyEmployees.Client\MyEmployees.Client\MyEmployees.Client.csproj", "{FB7CA291-7DD4-448A-9088-FBFFD9A924F4}"
EndProject
Project("{FAE04EC0-301F-11D3-BF4B-00C04F79EFBC}") = "MyEmployees.Client.Droid", "MyEmployees.Client\MyEmployees.Client.Droid\MyEmployees.Client.Droid.csproj", "{2538E59D-FC42-435B-A026-D3DEEE4FADA0}"
EndProject
Project("{FAE04EC0-301F-11D3-BF4B-00C04F79EFBC}") = "MyEmployees.Client.iOS", "MyEmployees.Client\MyEmployees.Client.iOS\MyEmployees.Client.iOS.csproj", "{E67105EC-80ED-4DE9-8F68-084C93F04137}"
EndProject
Project("{FAE04EC0-301F-11D3-BF4B-00C04F79EFBC}") = "MyEmployees.Client.WinPhone", "MyEmployees.Client\MyEmployees.Client.WinPhone\MyEmployees.Client.WinPhone.csproj", "{7F9801BE-D4FF-4304-9F60-419DC3B88D27}"
EndProject
Project("{FAE04EC0-301F-11D3-BF4B-00C04F79EFBC}") = "MyEmployees.Client.UWP", "MyEmployees.Client\MyEmployees.Client.UWP\MyEmployees.Client.UWP.csproj", "{7739F5C2-BBC1-4D45-9759-460C2515CE91}"
EndProject
Project("{FAE04EC0-301F-11D3-BF4B-00C04F79EFBC}") = "MyEmployees.Client.Windows", "MyEmployees.Client\MyEmployees.Client.Windows\MyEmployees.Client.Windows.csproj", "{9CCDB289-3DC7-4B47-BCB8-1B3D3B585122}"
EndProject
Global
	GlobalSection(SolutionConfigurationPlatforms) = preSolution
		Ad-Hoc|Any CPU = Ad-Hoc|Any CPU
		Ad-Hoc|ARM = Ad-Hoc|ARM
		Ad-Hoc|iPhone = Ad-Hoc|iPhone
		Ad-Hoc|iPhoneSimulator = Ad-Hoc|iPhoneSimulator
		Ad-Hoc|x64 = Ad-Hoc|x64
		Ad-Hoc|x86 = Ad-Hoc|x86
		AppStore|Any CPU = AppStore|Any CPU
		AppStore|ARM = AppStore|ARM
		AppStore|iPhone = AppStore|iPhone
		AppStore|iPhoneSimulator = AppStore|iPhoneSimulator
		AppStore|x64 = AppStore|x64
		AppStore|x86 = AppStore|x86
		Debug|Any CPU = Debug|Any CPU
		Debug|ARM = Debug|ARM
		Debug|iPhone = Debug|iPhone
		Debug|iPhoneSimulator = Debug|iPhoneSimulator
		Debug|x64 = Debug|x64
		Debug|x86 = Debug|x86
		Release|Any CPU = Release|Any CPU
		Release|ARM = Release|ARM
		Release|iPhone = Release|iPhone
		Release|iPhoneSimulator = Release|iPhoneSimulator
		Release|x64 = Release|x64
		Release|x86 = Release|x86
	EndGlobalSection
	GlobalSection(ProjectConfigurationPlatforms) = postSolution
		{453236E3-D6A8-49E0-883D-F737CB7694FD}.Ad-Hoc|Any CPU.ActiveCfg = Release|Any CPU
		{453236E3-D6A8-49E0-883D-F737CB7694FD}.Ad-Hoc|Any CPU.Build.0 = Release|Any CPU
		{453236E3-D6A8-49E0-883D-F737CB7694FD}.Ad-Hoc|ARM.ActiveCfg = Release|Any CPU
		{453236E3-D6A8-49E0-883D-F737CB7694FD}.Ad-Hoc|ARM.Build.0 = Release|Any CPU
		{453236E3-D6A8-49E0-883D-F737CB7694FD}.Ad-Hoc|iPhone.ActiveCfg = Release|Any CPU
		{453236E3-D6A8-49E0-883D-F737CB7694FD}.Ad-Hoc|iPhone.Build.0 = Release|Any CPU
		{453236E3-D6A8-49E0-883D-F737CB7694FD}.Ad-Hoc|iPhoneSimulator.ActiveCfg = Release|Any CPU
		{453236E3-D6A8-49E0-883D-F737CB7694FD}.Ad-Hoc|iPhoneSimulator.Build.0 = Release|Any CPU
		{453236E3-D6A8-49E0-883D-F737CB7694FD}.Ad-Hoc|x64.ActiveCfg = Release|Any CPU
		{453236E3-D6A8-49E0-883D-F737CB7694FD}.Ad-Hoc|x64.Build.0 = Release|Any CPU
		{453236E3-D6A8-49E0-883D-F737CB7694FD}.Ad-Hoc|x86.ActiveCfg = Release|Any CPU
		{453236E3-D6A8-49E0-883D-F737CB7694FD}.Ad-Hoc|x86.Build.0 = Release|Any CPU
		{453236E3-D6A8-49E0-883D-F737CB7694FD}.AppStore|Any CPU.ActiveCfg = Release|Any CPU
		{453236E3-D6A8-49E0-883D-F737CB7694FD}.AppStore|Any CPU.Build.0 = Release|Any CPU
		{453236E3-D6A8-49E0-883D-F737CB7694FD}.AppStore|ARM.ActiveCfg = Release|Any CPU
		{453236E3-D6A8-49E0-883D-F737CB7694FD}.AppStore|ARM.Build.0 = Release|Any CPU
		{453236E3-D6A8-49E0-883D-F737CB7694FD}.AppStore|iPhone.ActiveCfg = Release|Any CPU
		{453236E3-D6A8-49E0-883D-F737CB7694FD}.AppStore|iPhone.Build.0 = Release|Any CPU
		{453236E3-D6A8-49E0-883D-F737CB7694FD}.AppStore|iPhoneSimulator.ActiveCfg = Release|Any CPU
		{453236E3-D6A8-49E0-883D-F737CB7694FD}.AppStore|iPhoneSimulator.Build.0 = Release|Any CPU
		{453236E3-D6A8-49E0-883D-F737CB7694FD}.AppStore|x64.ActiveCfg = Release|Any CPU
		{453236E3-D6A8-49E0-883D-F737CB7694FD}.AppStore|x64.Build.0 = Release|Any CPU
		{453236E3-D6A8-49E0-883D-F737CB7694FD}.AppStore|x86.ActiveCfg = Release|Any CPU
		{453236E3-D6A8-49E0-883D-F737CB7694FD}.AppStore|x86.Build.0 = Release|Any CPU
		{453236E3-D6A8-49E0-883D-F737CB7694FD}.Debug|Any CPU.ActiveCfg = Debug|Any CPU
		{453236E3-D6A8-49E0-883D-F737CB7694FD}.Debug|Any CPU.Build.0 = Debug|Any CPU
		{453236E3-D6A8-49E0-883D-F737CB7694FD}.Debug|ARM.ActiveCfg = Debug|Any CPU
		{453236E3-D6A8-49E0-883D-F737CB7694FD}.Debug|ARM.Build.0 = Debug|Any CPU
		{453236E3-D6A8-49E0-883D-F737CB7694FD}.Debug|iPhone.ActiveCfg = Debug|Any CPU
		{453236E3-D6A8-49E0-883D-F737CB7694FD}.Debug|iPhone.Build.0 = Debug|Any CPU
		{453236E3-D6A8-49E0-883D-F737CB7694FD}.Debug|iPhoneSimulator.ActiveCfg = Debug|Any CPU
		{453236E3-D6A8-49E0-883D-F737CB7694FD}.Debug|iPhoneSimulator.Build.0 = Debug|Any CPU
		{453236E3-D6A8-49E0-883D-F737CB7694FD}.Debug|x64.ActiveCfg = Debug|Any CPU
		{453236E3-D6A8-49E0-883D-F737CB7694FD}.Debug|x64.Build.0 = Debug|Any CPU
		{453236E3-D6A8-49E0-883D-F737CB7694FD}.Debug|x86.ActiveCfg = Debug|Any CPU
		{453236E3-D6A8-49E0-883D-F737CB7694FD}.Debug|x86.Build.0 = Debug|Any CPU
		{453236E3-D6A8-49E0-883D-F737CB7694FD}.Release|Any CPU.ActiveCfg = Release|Any CPU
		{453236E3-D6A8-49E0-883D-F737CB7694FD}.Release|Any CPU.Build.0 = Release|Any CPU
		{453236E3-D6A8-49E0-883D-F737CB7694FD}.Release|ARM.ActiveCfg = Release|Any CPU
		{453236E3-D6A8-49E0-883D-F737CB7694FD}.Release|ARM.Build.0 = Release|Any CPU
		{453236E3-D6A8-49E0-883D-F737CB7694FD}.Release|iPhone.ActiveCfg = Release|Any CPU
		{453236E3-D6A8-49E0-883D-F737CB7694FD}.Release|iPhone.Build.0 = Release|Any CPU
		{453236E3-D6A8-49E0-883D-F737CB7694FD}.Release|iPhoneSimulator.ActiveCfg = Release|Any CPU
		{453236E3-D6A8-49E0-883D-F737CB7694FD}.Release|iPhoneSimulator.Build.0 = Release|Any CPU
		{453236E3-D6A8-49E0-883D-F737CB7694FD}.Release|x64.ActiveCfg = Release|Any CPU
		{453236E3-D6A8-49E0-883D-F737CB7694FD}.Release|x64.Build.0 = Release|Any CPU
		{453236E3-D6A8-49E0-883D-F737CB7694FD}.Release|x86.ActiveCfg = Release|Any CPU
		{453236E3-D6A8-49E0-883D-F737CB7694FD}.Release|x86.Build.0 = Release|Any CPU
		{FB7CA291-7DD4-448A-9088-FBFFD9A924F4}.Ad-Hoc|Any CPU.ActiveCfg = Release|Any CPU
		{FB7CA291-7DD4-448A-9088-FBFFD9A924F4}.Ad-Hoc|Any CPU.Build.0 = Release|Any CPU
		{FB7CA291-7DD4-448A-9088-FBFFD9A924F4}.Ad-Hoc|ARM.ActiveCfg = Release|Any CPU
		{FB7CA291-7DD4-448A-9088-FBFFD9A924F4}.Ad-Hoc|ARM.Build.0 = Release|Any CPU
		{FB7CA291-7DD4-448A-9088-FBFFD9A924F4}.Ad-Hoc|iPhone.ActiveCfg = Release|Any CPU
		{FB7CA291-7DD4-448A-9088-FBFFD9A924F4}.Ad-Hoc|iPhone.Build.0 = Release|Any CPU
		{FB7CA291-7DD4-448A-9088-FBFFD9A924F4}.Ad-Hoc|iPhoneSimulator.ActiveCfg = Release|Any CPU
		{FB7CA291-7DD4-448A-9088-FBFFD9A924F4}.Ad-Hoc|iPhoneSimulator.Build.0 = Release|Any CPU
		{FB7CA291-7DD4-448A-9088-FBFFD9A924F4}.Ad-Hoc|x64.ActiveCfg = Release|Any CPU
		{FB7CA291-7DD4-448A-9088-FBFFD9A924F4}.Ad-Hoc|x64.Build.0 = Release|Any CPU
		{FB7CA291-7DD4-448A-9088-FBFFD9A924F4}.Ad-Hoc|x86.ActiveCfg = Release|Any CPU
		{FB7CA291-7DD4-448A-9088-FBFFD9A924F4}.Ad-Hoc|x86.Build.0 = Release|Any CPU
		{FB7CA291-7DD4-448A-9088-FBFFD9A924F4}.AppStore|Any CPU.ActiveCfg = Release|Any CPU
		{FB7CA291-7DD4-448A-9088-FBFFD9A924F4}.AppStore|Any CPU.Build.0 = Release|Any CPU
		{FB7CA291-7DD4-448A-9088-FBFFD9A924F4}.AppStore|ARM.ActiveCfg = Release|Any CPU
		{FB7CA291-7DD4-448A-9088-FBFFD9A924F4}.AppStore|ARM.Build.0 = Release|Any CPU
		{FB7CA291-7DD4-448A-9088-FBFFD9A924F4}.AppStore|iPhone.ActiveCfg = Release|Any CPU
		{FB7CA291-7DD4-448A-9088-FBFFD9A924F4}.AppStore|iPhone.Build.0 = Release|Any CPU
		{FB7CA291-7DD4-448A-9088-FBFFD9A924F4}.AppStore|iPhoneSimulator.ActiveCfg = Release|Any CPU
		{FB7CA291-7DD4-448A-9088-FBFFD9A924F4}.AppStore|iPhoneSimulator.Build.0 = Release|Any CPU
		{FB7CA291-7DD4-448A-9088-FBFFD9A924F4}.AppStore|x64.ActiveCfg = Release|Any CPU
		{FB7CA291-7DD4-448A-9088-FBFFD9A924F4}.AppStore|x64.Build.0 = Release|Any CPU
		{FB7CA291-7DD4-448A-9088-FBFFD9A924F4}.AppStore|x86.ActiveCfg = Release|Any CPU
		{FB7CA291-7DD4-448A-9088-FBFFD9A924F4}.AppStore|x86.Build.0 = Release|Any CPU
		{FB7CA291-7DD4-448A-9088-FBFFD9A924F4}.Debug|Any CPU.ActiveCfg = Debug|Any CPU
		{FB7CA291-7DD4-448A-9088-FBFFD9A924F4}.Debug|Any CPU.Build.0 = Debug|Any CPU
		{FB7CA291-7DD4-448A-9088-FBFFD9A924F4}.Debug|ARM.ActiveCfg = Debug|Any CPU
		{FB7CA291-7DD4-448A-9088-FBFFD9A924F4}.Debug|ARM.Build.0 = Debug|Any CPU
		{FB7CA291-7DD4-448A-9088-FBFFD9A924F4}.Debug|iPhone.ActiveCfg = Debug|Any CPU
		{FB7CA291-7DD4-448A-9088-FBFFD9A924F4}.Debug|iPhone.Build.0 = Debug|Any CPU
		{FB7CA291-7DD4-448A-9088-FBFFD9A924F4}.Debug|iPhoneSimulator.ActiveCfg = Debug|Any CPU
		{FB7CA291-7DD4-448A-9088-FBFFD9A924F4}.Debug|iPhoneSimulator.Build.0 = Debug|Any CPU
		{FB7CA291-7DD4-448A-9088-FBFFD9A924F4}.Debug|x64.ActiveCfg = Debug|Any CPU
		{FB7CA291-7DD4-448A-9088-FBFFD9A924F4}.Debug|x64.Build.0 = Debug|Any CPU
		{FB7CA291-7DD4-448A-9088-FBFFD9A924F4}.Debug|x86.ActiveCfg = Debug|Any CPU
		{FB7CA291-7DD4-448A-9088-FBFFD9A924F4}.Debug|x86.Build.0 = Debug|Any CPU
		{FB7CA291-7DD4-448A-9088-FBFFD9A924F4}.Release|Any CPU.ActiveCfg = Release|Any CPU
		{FB7CA291-7DD4-448A-9088-FBFFD9A924F4}.Release|Any CPU.Build.0 = Release|Any CPU
		{FB7CA291-7DD4-448A-9088-FBFFD9A924F4}.Release|ARM.ActiveCfg = Release|Any CPU
		{FB7CA291-7DD4-448A-9088-FBFFD9A924F4}.Release|ARM.Build.0 = Release|Any CPU
		{FB7CA291-7DD4-448A-9088-FBFFD9A924F4}.Release|iPhone.ActiveCfg = Release|Any CPU
		{FB7CA291-7DD4-448A-9088-FBFFD9A924F4}.Release|iPhone.Build.0 = Release|Any CPU
		{FB7CA291-7DD4-448A-9088-FBFFD9A924F4}.Release|iPhoneSimulator.ActiveCfg = Release|Any CPU
		{FB7CA291-7DD4-448A-9088-FBFFD9A924F4}.Release|iPhoneSimulator.Build.0 = Release|Any CPU
		{FB7CA291-7DD4-448A-9088-FBFFD9A924F4}.Release|x64.ActiveCfg = Release|Any CPU
		{FB7CA291-7DD4-448A-9088-FBFFD9A924F4}.Release|x64.Build.0 = Release|Any CPU
		{FB7CA291-7DD4-448A-9088-FBFFD9A924F4}.Release|x86.ActiveCfg = Release|Any CPU
		{FB7CA291-7DD4-448A-9088-FBFFD9A924F4}.Release|x86.Build.0 = Release|Any CPU
		{2538E59D-FC42-435B-A026-D3DEEE4FADA0}.Ad-Hoc|Any CPU.ActiveCfg = Release|Any CPU
		{2538E59D-FC42-435B-A026-D3DEEE4FADA0}.Ad-Hoc|Any CPU.Build.0 = Release|Any CPU
		{2538E59D-FC42-435B-A026-D3DEEE4FADA0}.Ad-Hoc|Any CPU.Deploy.0 = Release|Any CPU
		{2538E59D-FC42-435B-A026-D3DEEE4FADA0}.Ad-Hoc|ARM.ActiveCfg = Release|Any CPU
		{2538E59D-FC42-435B-A026-D3DEEE4FADA0}.Ad-Hoc|ARM.Build.0 = Release|Any CPU
		{2538E59D-FC42-435B-A026-D3DEEE4FADA0}.Ad-Hoc|ARM.Deploy.0 = Release|Any CPU
		{2538E59D-FC42-435B-A026-D3DEEE4FADA0}.Ad-Hoc|iPhone.ActiveCfg = Release|Any CPU
		{2538E59D-FC42-435B-A026-D3DEEE4FADA0}.Ad-Hoc|iPhone.Build.0 = Release|Any CPU
		{2538E59D-FC42-435B-A026-D3DEEE4FADA0}.Ad-Hoc|iPhone.Deploy.0 = Release|Any CPU
		{2538E59D-FC42-435B-A026-D3DEEE4FADA0}.Ad-Hoc|iPhoneSimulator.ActiveCfg = Release|Any CPU
		{2538E59D-FC42-435B-A026-D3DEEE4FADA0}.Ad-Hoc|iPhoneSimulator.Build.0 = Release|Any CPU
		{2538E59D-FC42-435B-A026-D3DEEE4FADA0}.Ad-Hoc|iPhoneSimulator.Deploy.0 = Release|Any CPU
		{2538E59D-FC42-435B-A026-D3DEEE4FADA0}.Ad-Hoc|x64.ActiveCfg = Release|Any CPU
		{2538E59D-FC42-435B-A026-D3DEEE4FADA0}.Ad-Hoc|x64.Build.0 = Release|Any CPU
		{2538E59D-FC42-435B-A026-D3DEEE4FADA0}.Ad-Hoc|x64.Deploy.0 = Release|Any CPU
		{2538E59D-FC42-435B-A026-D3DEEE4FADA0}.Ad-Hoc|x86.ActiveCfg = Release|Any CPU
		{2538E59D-FC42-435B-A026-D3DEEE4FADA0}.Ad-Hoc|x86.Build.0 = Release|Any CPU
		{2538E59D-FC42-435B-A026-D3DEEE4FADA0}.Ad-Hoc|x86.Deploy.0 = Release|Any CPU
		{2538E59D-FC42-435B-A026-D3DEEE4FADA0}.AppStore|Any CPU.ActiveCfg = Release|Any CPU
		{2538E59D-FC42-435B-A026-D3DEEE4FADA0}.AppStore|Any CPU.Build.0 = Release|Any CPU
		{2538E59D-FC42-435B-A026-D3DEEE4FADA0}.AppStore|Any CPU.Deploy.0 = Release|Any CPU
		{2538E59D-FC42-435B-A026-D3DEEE4FADA0}.AppStore|ARM.ActiveCfg = Release|Any CPU
		{2538E59D-FC42-435B-A026-D3DEEE4FADA0}.AppStore|ARM.Build.0 = Release|Any CPU
		{2538E59D-FC42-435B-A026-D3DEEE4FADA0}.AppStore|ARM.Deploy.0 = Release|Any CPU
		{2538E59D-FC42-435B-A026-D3DEEE4FADA0}.AppStore|iPhone.ActiveCfg = Release|Any CPU
		{2538E59D-FC42-435B-A026-D3DEEE4FADA0}.AppStore|iPhone.Build.0 = Release|Any CPU
		{2538E59D-FC42-435B-A026-D3DEEE4FADA0}.AppStore|iPhone.Deploy.0 = Release|Any CPU
		{2538E59D-FC42-435B-A026-D3DEEE4FADA0}.AppStore|iPhoneSimulator.ActiveCfg = Release|Any CPU
		{2538E59D-FC42-435B-A026-D3DEEE4FADA0}.AppStore|iPhoneSimulator.Build.0 = Release|Any CPU
		{2538E59D-FC42-435B-A026-D3DEEE4FADA0}.AppStore|iPhoneSimulator.Deploy.0 = Release|Any CPU
		{2538E59D-FC42-435B-A026-D3DEEE4FADA0}.AppStore|x64.ActiveCfg = Release|Any CPU
		{2538E59D-FC42-435B-A026-D3DEEE4FADA0}.AppStore|x64.Build.0 = Release|Any CPU
		{2538E59D-FC42-435B-A026-D3DEEE4FADA0}.AppStore|x64.Deploy.0 = Release|Any CPU
		{2538E59D-FC42-435B-A026-D3DEEE4FADA0}.AppStore|x86.ActiveCfg = Release|Any CPU
		{2538E59D-FC42-435B-A026-D3DEEE4FADA0}.AppStore|x86.Build.0 = Release|Any CPU
		{2538E59D-FC42-435B-A026-D3DEEE4FADA0}.AppStore|x86.Deploy.0 = Release|Any CPU
		{2538E59D-FC42-435B-A026-D3DEEE4FADA0}.Debug|Any CPU.ActiveCfg = Debug|Any CPU
		{2538E59D-FC42-435B-A026-D3DEEE4FADA0}.Debug|Any CPU.Build.0 = Debug|Any CPU
		{2538E59D-FC42-435B-A026-D3DEEE4FADA0}.Debug|Any CPU.Deploy.0 = Debug|Any CPU
		{2538E59D-FC42-435B-A026-D3DEEE4FADA0}.Debug|ARM.ActiveCfg = Debug|Any CPU
		{2538E59D-FC42-435B-A026-D3DEEE4FADA0}.Debug|ARM.Build.0 = Debug|Any CPU
		{2538E59D-FC42-435B-A026-D3DEEE4FADA0}.Debug|ARM.Deploy.0 = Debug|Any CPU
		{2538E59D-FC42-435B-A026-D3DEEE4FADA0}.Debug|iPhone.ActiveCfg = Debug|Any CPU
		{2538E59D-FC42-435B-A026-D3DEEE4FADA0}.Debug|iPhone.Build.0 = Debug|Any CPU
		{2538E59D-FC42-435B-A026-D3DEEE4FADA0}.Debug|iPhone.Deploy.0 = Debug|Any CPU
		{2538E59D-FC42-435B-A026-D3DEEE4FADA0}.Debug|iPhoneSimulator.ActiveCfg = Debug|Any CPU
		{2538E59D-FC42-435B-A026-D3DEEE4FADA0}.Debug|iPhoneSimulator.Build.0 = Debug|Any CPU
		{2538E59D-FC42-435B-A026-D3DEEE4FADA0}.Debug|iPhoneSimulator.Deploy.0 = Debug|Any CPU
		{2538E59D-FC42-435B-A026-D3DEEE4FADA0}.Debug|x64.ActiveCfg = Debug|Any CPU
		{2538E59D-FC42-435B-A026-D3DEEE4FADA0}.Debug|x64.Build.0 = Debug|Any CPU
		{2538E59D-FC42-435B-A026-D3DEEE4FADA0}.Debug|x64.Deploy.0 = Debug|Any CPU
		{2538E59D-FC42-435B-A026-D3DEEE4FADA0}.Debug|x86.ActiveCfg = Debug|Any CPU
		{2538E59D-FC42-435B-A026-D3DEEE4FADA0}.Debug|x86.Build.0 = Debug|Any CPU
		{2538E59D-FC42-435B-A026-D3DEEE4FADA0}.Debug|x86.Deploy.0 = Debug|Any CPU
		{2538E59D-FC42-435B-A026-D3DEEE4FADA0}.Release|Any CPU.ActiveCfg = Release|Any CPU
		{2538E59D-FC42-435B-A026-D3DEEE4FADA0}.Release|Any CPU.Build.0 = Release|Any CPU
		{2538E59D-FC42-435B-A026-D3DEEE4FADA0}.Release|Any CPU.Deploy.0 = Release|Any CPU
		{2538E59D-FC42-435B-A026-D3DEEE4FADA0}.Release|ARM.ActiveCfg = Release|Any CPU
		{2538E59D-FC42-435B-A026-D3DEEE4FADA0}.Release|ARM.Build.0 = Release|Any CPU
		{2538E59D-FC42-435B-A026-D3DEEE4FADA0}.Release|ARM.Deploy.0 = Release|Any CPU
		{2538E59D-FC42-435B-A026-D3DEEE4FADA0}.Release|iPhone.ActiveCfg = Release|Any CPU
		{2538E59D-FC42-435B-A026-D3DEEE4FADA0}.Release|iPhone.Build.0 = Release|Any CPU
		{2538E59D-FC42-435B-A026-D3DEEE4FADA0}.Release|iPhone.Deploy.0 = Release|Any CPU
		{2538E59D-FC42-435B-A026-D3DEEE4FADA0}.Release|iPhoneSimulator.ActiveCfg = Release|Any CPU
		{2538E59D-FC42-435B-A026-D3DEEE4FADA0}.Release|iPhoneSimulator.Build.0 = Release|Any CPU
		{2538E59D-FC42-435B-A026-D3DEEE4FADA0}.Release|iPhoneSimulator.Deploy.0 = Release|Any CPU
		{2538E59D-FC42-435B-A026-D3DEEE4FADA0}.Release|x64.ActiveCfg = Release|Any CPU
		{2538E59D-FC42-435B-A026-D3DEEE4FADA0}.Release|x64.Build.0 = Release|Any CPU
		{2538E59D-FC42-435B-A026-D3DEEE4FADA0}.Release|x64.Deploy.0 = Release|Any CPU
		{2538E59D-FC42-435B-A026-D3DEEE4FADA0}.Release|x86.ActiveCfg = Release|Any CPU
		{2538E59D-FC42-435B-A026-D3DEEE4FADA0}.Release|x86.Build.0 = Release|Any CPU
		{2538E59D-FC42-435B-A026-D3DEEE4FADA0}.Release|x86.Deploy.0 = Release|Any CPU
		{E67105EC-80ED-4DE9-8F68-084C93F04137}.Ad-Hoc|Any CPU.ActiveCfg = Ad-Hoc|iPhone
		{E67105EC-80ED-4DE9-8F68-084C93F04137}.Ad-Hoc|ARM.ActiveCfg = Ad-Hoc|iPhone
		{E67105EC-80ED-4DE9-8F68-084C93F04137}.Ad-Hoc|iPhone.ActiveCfg = Ad-Hoc|iPhone
		{E67105EC-80ED-4DE9-8F68-084C93F04137}.Ad-Hoc|iPhone.Build.0 = Ad-Hoc|iPhone
		{E67105EC-80ED-4DE9-8F68-084C93F04137}.Ad-Hoc|iPhoneSimulator.ActiveCfg = Ad-Hoc|iPhoneSimulator
		{E67105EC-80ED-4DE9-8F68-084C93F04137}.Ad-Hoc|iPhoneSimulator.Build.0 = Ad-Hoc|iPhoneSimulator
		{E67105EC-80ED-4DE9-8F68-084C93F04137}.Ad-Hoc|x64.ActiveCfg = Ad-Hoc|iPhone
		{E67105EC-80ED-4DE9-8F68-084C93F04137}.Ad-Hoc|x86.ActiveCfg = Ad-Hoc|iPhone
		{E67105EC-80ED-4DE9-8F68-084C93F04137}.AppStore|Any CPU.ActiveCfg = AppStore|iPhone
		{E67105EC-80ED-4DE9-8F68-084C93F04137}.AppStore|ARM.ActiveCfg = AppStore|iPhone
		{E67105EC-80ED-4DE9-8F68-084C93F04137}.AppStore|iPhone.ActiveCfg = AppStore|iPhone
		{E67105EC-80ED-4DE9-8F68-084C93F04137}.AppStore|iPhone.Build.0 = AppStore|iPhone
		{E67105EC-80ED-4DE9-8F68-084C93F04137}.AppStore|iPhoneSimulator.ActiveCfg = AppStore|iPhoneSimulator
		{E67105EC-80ED-4DE9-8F68-084C93F04137}.AppStore|iPhoneSimulator.Build.0 = AppStore|iPhoneSimulator
		{E67105EC-80ED-4DE9-8F68-084C93F04137}.AppStore|x64.ActiveCfg = AppStore|iPhone
		{E67105EC-80ED-4DE9-8F68-084C93F04137}.AppStore|x86.ActiveCfg = AppStore|iPhone
		{E67105EC-80ED-4DE9-8F68-084C93F04137}.Debug|Any CPU.ActiveCfg = Debug|iPhone
		{E67105EC-80ED-4DE9-8F68-084C93F04137}.Debug|ARM.ActiveCfg = Debug|iPhone
		{E67105EC-80ED-4DE9-8F68-084C93F04137}.Debug|iPhone.ActiveCfg = Debug|iPhone
		{E67105EC-80ED-4DE9-8F68-084C93F04137}.Debug|iPhone.Build.0 = Debug|iPhone
		{E67105EC-80ED-4DE9-8F68-084C93F04137}.Debug|iPhoneSimulator.ActiveCfg = Debug|iPhoneSimulator
		{E67105EC-80ED-4DE9-8F68-084C93F04137}.Debug|iPhoneSimulator.Build.0 = Debug|iPhoneSimulator
		{E67105EC-80ED-4DE9-8F68-084C93F04137}.Debug|x64.ActiveCfg = Debug|iPhone
		{E67105EC-80ED-4DE9-8F68-084C93F04137}.Debug|x86.ActiveCfg = Debug|iPhone
		{E67105EC-80ED-4DE9-8F68-084C93F04137}.Release|Any CPU.ActiveCfg = Release|iPhone
		{E67105EC-80ED-4DE9-8F68-084C93F04137}.Release|ARM.ActiveCfg = Release|iPhone
		{E67105EC-80ED-4DE9-8F68-084C93F04137}.Release|iPhone.ActiveCfg = Release|iPhone
		{E67105EC-80ED-4DE9-8F68-084C93F04137}.Release|iPhone.Build.0 = Release|iPhone
		{E67105EC-80ED-4DE9-8F68-084C93F04137}.Release|iPhoneSimulator.ActiveCfg = Release|iPhoneSimulator
		{E67105EC-80ED-4DE9-8F68-084C93F04137}.Release|iPhoneSimulator.Build.0 = Release|iPhoneSimulator
		{E67105EC-80ED-4DE9-8F68-084C93F04137}.Release|x64.ActiveCfg = Release|iPhone
		{E67105EC-80ED-4DE9-8F68-084C93F04137}.Release|x86.ActiveCfg = Release|iPhone
		{7F9801BE-D4FF-4304-9F60-419DC3B88D27}.Ad-Hoc|Any CPU.ActiveCfg = Release|Any CPU
		{7F9801BE-D4FF-4304-9F60-419DC3B88D27}.Ad-Hoc|Any CPU.Build.0 = Release|Any CPU
		{7F9801BE-D4FF-4304-9F60-419DC3B88D27}.Ad-Hoc|Any CPU.Deploy.0 = Release|Any CPU
		{7F9801BE-D4FF-4304-9F60-419DC3B88D27}.Ad-Hoc|ARM.ActiveCfg = Release|ARM
		{7F9801BE-D4FF-4304-9F60-419DC3B88D27}.Ad-Hoc|ARM.Build.0 = Release|ARM
		{7F9801BE-D4FF-4304-9F60-419DC3B88D27}.Ad-Hoc|ARM.Deploy.0 = Release|ARM
		{7F9801BE-D4FF-4304-9F60-419DC3B88D27}.Ad-Hoc|iPhone.ActiveCfg = Release|Any CPU
		{7F9801BE-D4FF-4304-9F60-419DC3B88D27}.Ad-Hoc|iPhone.Build.0 = Release|Any CPU
		{7F9801BE-D4FF-4304-9F60-419DC3B88D27}.Ad-Hoc|iPhone.Deploy.0 = Release|Any CPU
		{7F9801BE-D4FF-4304-9F60-419DC3B88D27}.Ad-Hoc|iPhoneSimulator.ActiveCfg = Release|Any CPU
		{7F9801BE-D4FF-4304-9F60-419DC3B88D27}.Ad-Hoc|iPhoneSimulator.Build.0 = Release|Any CPU
		{7F9801BE-D4FF-4304-9F60-419DC3B88D27}.Ad-Hoc|iPhoneSimulator.Deploy.0 = Release|Any CPU
		{7F9801BE-D4FF-4304-9F60-419DC3B88D27}.Ad-Hoc|x64.ActiveCfg = Release|Any CPU
		{7F9801BE-D4FF-4304-9F60-419DC3B88D27}.Ad-Hoc|x64.Build.0 = Release|Any CPU
		{7F9801BE-D4FF-4304-9F60-419DC3B88D27}.Ad-Hoc|x64.Deploy.0 = Release|Any CPU
		{7F9801BE-D4FF-4304-9F60-419DC3B88D27}.Ad-Hoc|x86.ActiveCfg = Release|x86
		{7F9801BE-D4FF-4304-9F60-419DC3B88D27}.Ad-Hoc|x86.Build.0 = Release|x86
		{7F9801BE-D4FF-4304-9F60-419DC3B88D27}.Ad-Hoc|x86.Deploy.0 = Release|x86
		{7F9801BE-D4FF-4304-9F60-419DC3B88D27}.AppStore|Any CPU.ActiveCfg = Release|Any CPU
		{7F9801BE-D4FF-4304-9F60-419DC3B88D27}.AppStore|Any CPU.Build.0 = Release|Any CPU
		{7F9801BE-D4FF-4304-9F60-419DC3B88D27}.AppStore|Any CPU.Deploy.0 = Release|Any CPU
		{7F9801BE-D4FF-4304-9F60-419DC3B88D27}.AppStore|ARM.ActiveCfg = Release|ARM
		{7F9801BE-D4FF-4304-9F60-419DC3B88D27}.AppStore|ARM.Build.0 = Release|ARM
		{7F9801BE-D4FF-4304-9F60-419DC3B88D27}.AppStore|ARM.Deploy.0 = Release|ARM
		{7F9801BE-D4FF-4304-9F60-419DC3B88D27}.AppStore|iPhone.ActiveCfg = Release|Any CPU
		{7F9801BE-D4FF-4304-9F60-419DC3B88D27}.AppStore|iPhone.Build.0 = Release|Any CPU
		{7F9801BE-D4FF-4304-9F60-419DC3B88D27}.AppStore|iPhone.Deploy.0 = Release|Any CPU
		{7F9801BE-D4FF-4304-9F60-419DC3B88D27}.AppStore|iPhoneSimulator.ActiveCfg = Release|Any CPU
		{7F9801BE-D4FF-4304-9F60-419DC3B88D27}.AppStore|iPhoneSimulator.Build.0 = Release|Any CPU
		{7F9801BE-D4FF-4304-9F60-419DC3B88D27}.AppStore|iPhoneSimulator.Deploy.0 = Release|Any CPU
		{7F9801BE-D4FF-4304-9F60-419DC3B88D27}.AppStore|x64.ActiveCfg = Release|Any CPU
		{7F9801BE-D4FF-4304-9F60-419DC3B88D27}.AppStore|x64.Build.0 = Release|Any CPU
		{7F9801BE-D4FF-4304-9F60-419DC3B88D27}.AppStore|x64.Deploy.0 = Release|Any CPU
		{7F9801BE-D4FF-4304-9F60-419DC3B88D27}.AppStore|x86.ActiveCfg = Release|x86
		{7F9801BE-D4FF-4304-9F60-419DC3B88D27}.AppStore|x86.Build.0 = Release|x86
		{7F9801BE-D4FF-4304-9F60-419DC3B88D27}.AppStore|x86.Deploy.0 = Release|x86
		{7F9801BE-D4FF-4304-9F60-419DC3B88D27}.Debug|Any CPU.ActiveCfg = Debug|Any CPU
		{7F9801BE-D4FF-4304-9F60-419DC3B88D27}.Debug|Any CPU.Build.0 = Debug|Any CPU
		{7F9801BE-D4FF-4304-9F60-419DC3B88D27}.Debug|Any CPU.Deploy.0 = Debug|Any CPU
		{7F9801BE-D4FF-4304-9F60-419DC3B88D27}.Debug|ARM.ActiveCfg = Debug|ARM
		{7F9801BE-D4FF-4304-9F60-419DC3B88D27}.Debug|ARM.Build.0 = Debug|ARM
		{7F9801BE-D4FF-4304-9F60-419DC3B88D27}.Debug|ARM.Deploy.0 = Debug|ARM
		{7F9801BE-D4FF-4304-9F60-419DC3B88D27}.Debug|iPhone.ActiveCfg = Debug|Any CPU
		{7F9801BE-D4FF-4304-9F60-419DC3B88D27}.Debug|iPhone.Build.0 = Debug|Any CPU
		{7F9801BE-D4FF-4304-9F60-419DC3B88D27}.Debug|iPhone.Deploy.0 = Debug|Any CPU
		{7F9801BE-D4FF-4304-9F60-419DC3B88D27}.Debug|iPhoneSimulator.ActiveCfg = Debug|Any CPU
		{7F9801BE-D4FF-4304-9F60-419DC3B88D27}.Debug|iPhoneSimulator.Build.0 = Debug|Any CPU
		{7F9801BE-D4FF-4304-9F60-419DC3B88D27}.Debug|iPhoneSimulator.Deploy.0 = Debug|Any CPU
		{7F9801BE-D4FF-4304-9F60-419DC3B88D27}.Debug|x64.ActiveCfg = Debug|Any CPU
		{7F9801BE-D4FF-4304-9F60-419DC3B88D27}.Debug|x64.Build.0 = Debug|Any CPU
		{7F9801BE-D4FF-4304-9F60-419DC3B88D27}.Debug|x64.Deploy.0 = Debug|Any CPU
		{7F9801BE-D4FF-4304-9F60-419DC3B88D27}.Debug|x86.ActiveCfg = Debug|x86
		{7F9801BE-D4FF-4304-9F60-419DC3B88D27}.Debug|x86.Build.0 = Debug|x86
		{7F9801BE-D4FF-4304-9F60-419DC3B88D27}.Debug|x86.Deploy.0 = Debug|x86
		{7F9801BE-D4FF-4304-9F60-419DC3B88D27}.Release|Any CPU.ActiveCfg = Release|Any CPU
		{7F9801BE-D4FF-4304-9F60-419DC3B88D27}.Release|Any CPU.Build.0 = Release|Any CPU
		{7F9801BE-D4FF-4304-9F60-419DC3B88D27}.Release|Any CPU.Deploy.0 = Release|Any CPU
		{7F9801BE-D4FF-4304-9F60-419DC3B88D27}.Release|ARM.ActiveCfg = Release|ARM
		{7F9801BE-D4FF-4304-9F60-419DC3B88D27}.Release|ARM.Build.0 = Release|ARM
		{7F9801BE-D4FF-4304-9F60-419DC3B88D27}.Release|ARM.Deploy.0 = Release|ARM
		{7F9801BE-D4FF-4304-9F60-419DC3B88D27}.Release|iPhone.ActiveCfg = Release|Any CPU
		{7F9801BE-D4FF-4304-9F60-419DC3B88D27}.Release|iPhone.Build.0 = Release|Any CPU
		{7F9801BE-D4FF-4304-9F60-419DC3B88D27}.Release|iPhone.Deploy.0 = Release|Any CPU
		{7F9801BE-D4FF-4304-9F60-419DC3B88D27}.Release|iPhoneSimulator.ActiveCfg = Release|Any CPU
		{7F9801BE-D4FF-4304-9F60-419DC3B88D27}.Release|iPhoneSimulator.Build.0 = Release|Any CPU
		{7F9801BE-D4FF-4304-9F60-419DC3B88D27}.Release|iPhoneSimulator.Deploy.0 = Release|Any CPU
		{7F9801BE-D4FF-4304-9F60-419DC3B88D27}.Release|x64.ActiveCfg = Release|Any CPU
		{7F9801BE-D4FF-4304-9F60-419DC3B88D27}.Release|x64.Build.0 = Release|Any CPU
		{7F9801BE-D4FF-4304-9F60-419DC3B88D27}.Release|x64.Deploy.0 = Release|Any CPU
		{7F9801BE-D4FF-4304-9F60-419DC3B88D27}.Release|x86.ActiveCfg = Release|x86
		{7F9801BE-D4FF-4304-9F60-419DC3B88D27}.Release|x86.Build.0 = Release|x86
		{7F9801BE-D4FF-4304-9F60-419DC3B88D27}.Release|x86.Deploy.0 = Release|x86
		{7739F5C2-BBC1-4D45-9759-460C2515CE91}.Ad-Hoc|Any CPU.ActiveCfg = Release|x86
		{7739F5C2-BBC1-4D45-9759-460C2515CE91}.Ad-Hoc|Any CPU.Build.0 = Release|x86
		{7739F5C2-BBC1-4D45-9759-460C2515CE91}.Ad-Hoc|Any CPU.Deploy.0 = Release|x86
		{7739F5C2-BBC1-4D45-9759-460C2515CE91}.Ad-Hoc|ARM.ActiveCfg = Release|ARM
		{7739F5C2-BBC1-4D45-9759-460C2515CE91}.Ad-Hoc|ARM.Build.0 = Release|ARM
		{7739F5C2-BBC1-4D45-9759-460C2515CE91}.Ad-Hoc|ARM.Deploy.0 = Release|ARM
		{7739F5C2-BBC1-4D45-9759-460C2515CE91}.Ad-Hoc|iPhone.ActiveCfg = Release|x86
		{7739F5C2-BBC1-4D45-9759-460C2515CE91}.Ad-Hoc|iPhone.Build.0 = Release|x86
		{7739F5C2-BBC1-4D45-9759-460C2515CE91}.Ad-Hoc|iPhone.Deploy.0 = Release|x86
		{7739F5C2-BBC1-4D45-9759-460C2515CE91}.Ad-Hoc|iPhoneSimulator.ActiveCfg = Release|x86
		{7739F5C2-BBC1-4D45-9759-460C2515CE91}.Ad-Hoc|iPhoneSimulator.Build.0 = Release|x86
		{7739F5C2-BBC1-4D45-9759-460C2515CE91}.Ad-Hoc|iPhoneSimulator.Deploy.0 = Release|x86
		{7739F5C2-BBC1-4D45-9759-460C2515CE91}.Ad-Hoc|x64.ActiveCfg = Release|x64
		{7739F5C2-BBC1-4D45-9759-460C2515CE91}.Ad-Hoc|x64.Build.0 = Release|x64
		{7739F5C2-BBC1-4D45-9759-460C2515CE91}.Ad-Hoc|x64.Deploy.0 = Release|x64
		{7739F5C2-BBC1-4D45-9759-460C2515CE91}.Ad-Hoc|x86.ActiveCfg = Release|x86
		{7739F5C2-BBC1-4D45-9759-460C2515CE91}.Ad-Hoc|x86.Build.0 = Release|x86
		{7739F5C2-BBC1-4D45-9759-460C2515CE91}.Ad-Hoc|x86.Deploy.0 = Release|x86
		{7739F5C2-BBC1-4D45-9759-460C2515CE91}.AppStore|Any CPU.ActiveCfg = Release|x86
		{7739F5C2-BBC1-4D45-9759-460C2515CE91}.AppStore|Any CPU.Build.0 = Release|x86
		{7739F5C2-BBC1-4D45-9759-460C2515CE91}.AppStore|Any CPU.Deploy.0 = Release|x86
		{7739F5C2-BBC1-4D45-9759-460C2515CE91}.AppStore|ARM.ActiveCfg = Release|ARM
		{7739F5C2-BBC1-4D45-9759-460C2515CE91}.AppStore|ARM.Build.0 = Release|ARM
		{7739F5C2-BBC1-4D45-9759-460C2515CE91}.AppStore|ARM.Deploy.0 = Release|ARM
		{7739F5C2-BBC1-4D45-9759-460C2515CE91}.AppStore|iPhone.ActiveCfg = Release|x86
		{7739F5C2-BBC1-4D45-9759-460C2515CE91}.AppStore|iPhone.Build.0 = Release|x86
		{7739F5C2-BBC1-4D45-9759-460C2515CE91}.AppStore|iPhone.Deploy.0 = Release|x86
		{7739F5C2-BBC1-4D45-9759-460C2515CE91}.AppStore|iPhoneSimulator.ActiveCfg = Release|x86
		{7739F5C2-BBC1-4D45-9759-460C2515CE91}.AppStore|iPhoneSimulator.Build.0 = Release|x86
		{7739F5C2-BBC1-4D45-9759-460C2515CE91}.AppStore|iPhoneSimulator.Deploy.0 = Release|x86
		{7739F5C2-BBC1-4D45-9759-460C2515CE91}.AppStore|x64.ActiveCfg = Release|x64
		{7739F5C2-BBC1-4D45-9759-460C2515CE91}.AppStore|x64.Build.0 = Release|x64
		{7739F5C2-BBC1-4D45-9759-460C2515CE91}.AppStore|x64.Deploy.0 = Release|x64
		{7739F5C2-BBC1-4D45-9759-460C2515CE91}.AppStore|x86.ActiveCfg = Release|x86
		{7739F5C2-BBC1-4D45-9759-460C2515CE91}.AppStore|x86.Build.0 = Release|x86
		{7739F5C2-BBC1-4D45-9759-460C2515CE91}.AppStore|x86.Deploy.0 = Release|x86
		{7739F5C2-BBC1-4D45-9759-460C2515CE91}.Debug|Any CPU.ActiveCfg = Debug|x86
		{7739F5C2-BBC1-4D45-9759-460C2515CE91}.Debug|ARM.ActiveCfg = Debug|ARM
		{7739F5C2-BBC1-4D45-9759-460C2515CE91}.Debug|ARM.Build.0 = Debug|ARM
		{7739F5C2-BBC1-4D45-9759-460C2515CE91}.Debug|ARM.Deploy.0 = Debug|ARM
		{7739F5C2-BBC1-4D45-9759-460C2515CE91}.Debug|iPhone.ActiveCfg = Debug|x86
		{7739F5C2-BBC1-4D45-9759-460C2515CE91}.Debug|iPhoneSimulator.ActiveCfg = Debug|x86
		{7739F5C2-BBC1-4D45-9759-460C2515CE91}.Debug|x64.ActiveCfg = Debug|x64
		{7739F5C2-BBC1-4D45-9759-460C2515CE91}.Debug|x64.Build.0 = Debug|x64
		{7739F5C2-BBC1-4D45-9759-460C2515CE91}.Debug|x64.Deploy.0 = Debug|x64
		{7739F5C2-BBC1-4D45-9759-460C2515CE91}.Debug|x86.ActiveCfg = Debug|x86
		{7739F5C2-BBC1-4D45-9759-460C2515CE91}.Debug|x86.Build.0 = Debug|x86
		{7739F5C2-BBC1-4D45-9759-460C2515CE91}.Debug|x86.Deploy.0 = Debug|x86
		{7739F5C2-BBC1-4D45-9759-460C2515CE91}.Release|Any CPU.ActiveCfg = Release|x86
		{7739F5C2-BBC1-4D45-9759-460C2515CE91}.Release|ARM.ActiveCfg = Release|ARM
		{7739F5C2-BBC1-4D45-9759-460C2515CE91}.Release|ARM.Build.0 = Release|ARM
		{7739F5C2-BBC1-4D45-9759-460C2515CE91}.Release|ARM.Deploy.0 = Release|ARM
		{7739F5C2-BBC1-4D45-9759-460C2515CE91}.Release|iPhone.ActiveCfg = Release|x86
		{7739F5C2-BBC1-4D45-9759-460C2515CE91}.Release|iPhoneSimulator.ActiveCfg = Release|x86
		{7739F5C2-BBC1-4D45-9759-460C2515CE91}.Release|x64.ActiveCfg = Release|x64
		{7739F5C2-BBC1-4D45-9759-460C2515CE91}.Release|x64.Build.0 = Release|x64
		{7739F5C2-BBC1-4D45-9759-460C2515CE91}.Release|x64.Deploy.0 = Release|x64
		{7739F5C2-BBC1-4D45-9759-460C2515CE91}.Release|x86.ActiveCfg = Release|x86
		{7739F5C2-BBC1-4D45-9759-460C2515CE91}.Release|x86.Build.0 = Release|x86
		{7739F5C2-BBC1-4D45-9759-460C2515CE91}.Release|x86.Deploy.0 = Release|x86
		{9CCDB289-3DC7-4B47-BCB8-1B3D3B585122}.Ad-Hoc|Any CPU.ActiveCfg = Release|Any CPU
		{9CCDB289-3DC7-4B47-BCB8-1B3D3B585122}.Ad-Hoc|Any CPU.Build.0 = Release|Any CPU
		{9CCDB289-3DC7-4B47-BCB8-1B3D3B585122}.Ad-Hoc|Any CPU.Deploy.0 = Release|Any CPU
		{9CCDB289-3DC7-4B47-BCB8-1B3D3B585122}.Ad-Hoc|ARM.ActiveCfg = Release|ARM
		{9CCDB289-3DC7-4B47-BCB8-1B3D3B585122}.Ad-Hoc|ARM.Build.0 = Release|ARM
		{9CCDB289-3DC7-4B47-BCB8-1B3D3B585122}.Ad-Hoc|ARM.Deploy.0 = Release|ARM
		{9CCDB289-3DC7-4B47-BCB8-1B3D3B585122}.Ad-Hoc|iPhone.ActiveCfg = Release|Any CPU
		{9CCDB289-3DC7-4B47-BCB8-1B3D3B585122}.Ad-Hoc|iPhone.Build.0 = Release|Any CPU
		{9CCDB289-3DC7-4B47-BCB8-1B3D3B585122}.Ad-Hoc|iPhone.Deploy.0 = Release|Any CPU
		{9CCDB289-3DC7-4B47-BCB8-1B3D3B585122}.Ad-Hoc|iPhoneSimulator.ActiveCfg = Release|Any CPU
		{9CCDB289-3DC7-4B47-BCB8-1B3D3B585122}.Ad-Hoc|iPhoneSimulator.Build.0 = Release|Any CPU
		{9CCDB289-3DC7-4B47-BCB8-1B3D3B585122}.Ad-Hoc|iPhoneSimulator.Deploy.0 = Release|Any CPU
		{9CCDB289-3DC7-4B47-BCB8-1B3D3B585122}.Ad-Hoc|x64.ActiveCfg = Release|x64
		{9CCDB289-3DC7-4B47-BCB8-1B3D3B585122}.Ad-Hoc|x64.Build.0 = Release|x64
		{9CCDB289-3DC7-4B47-BCB8-1B3D3B585122}.Ad-Hoc|x64.Deploy.0 = Release|x64
		{9CCDB289-3DC7-4B47-BCB8-1B3D3B585122}.Ad-Hoc|x86.ActiveCfg = Release|x86
		{9CCDB289-3DC7-4B47-BCB8-1B3D3B585122}.Ad-Hoc|x86.Build.0 = Release|x86
		{9CCDB289-3DC7-4B47-BCB8-1B3D3B585122}.Ad-Hoc|x86.Deploy.0 = Release|x86
		{9CCDB289-3DC7-4B47-BCB8-1B3D3B585122}.AppStore|Any CPU.ActiveCfg = Release|Any CPU
		{9CCDB289-3DC7-4B47-BCB8-1B3D3B585122}.AppStore|Any CPU.Build.0 = Release|Any CPU
		{9CCDB289-3DC7-4B47-BCB8-1B3D3B585122}.AppStore|Any CPU.Deploy.0 = Release|Any CPU
		{9CCDB289-3DC7-4B47-BCB8-1B3D3B585122}.AppStore|ARM.ActiveCfg = Release|ARM
		{9CCDB289-3DC7-4B47-BCB8-1B3D3B585122}.AppStore|ARM.Build.0 = Release|ARM
		{9CCDB289-3DC7-4B47-BCB8-1B3D3B585122}.AppStore|ARM.Deploy.0 = Release|ARM
		{9CCDB289-3DC7-4B47-BCB8-1B3D3B585122}.AppStore|iPhone.ActiveCfg = Release|Any CPU
		{9CCDB289-3DC7-4B47-BCB8-1B3D3B585122}.AppStore|iPhone.Build.0 = Release|Any CPU
		{9CCDB289-3DC7-4B47-BCB8-1B3D3B585122}.AppStore|iPhone.Deploy.0 = Release|Any CPU
		{9CCDB289-3DC7-4B47-BCB8-1B3D3B585122}.AppStore|iPhoneSimulator.ActiveCfg = Release|Any CPU
		{9CCDB289-3DC7-4B47-BCB8-1B3D3B585122}.AppStore|iPhoneSimulator.Build.0 = Release|Any CPU
		{9CCDB289-3DC7-4B47-BCB8-1B3D3B585122}.AppStore|iPhoneSimulator.Deploy.0 = Release|Any CPU
		{9CCDB289-3DC7-4B47-BCB8-1B3D3B585122}.AppStore|x64.ActiveCfg = Release|x64
		{9CCDB289-3DC7-4B47-BCB8-1B3D3B585122}.AppStore|x64.Build.0 = Release|x64
		{9CCDB289-3DC7-4B47-BCB8-1B3D3B585122}.AppStore|x64.Deploy.0 = Release|x64
		{9CCDB289-3DC7-4B47-BCB8-1B3D3B585122}.AppStore|x86.ActiveCfg = Release|x86
		{9CCDB289-3DC7-4B47-BCB8-1B3D3B585122}.AppStore|x86.Build.0 = Release|x86
		{9CCDB289-3DC7-4B47-BCB8-1B3D3B585122}.AppStore|x86.Deploy.0 = Release|x86
		{9CCDB289-3DC7-4B47-BCB8-1B3D3B585122}.Debug|Any CPU.ActiveCfg = Debug|Any CPU
		{9CCDB289-3DC7-4B47-BCB8-1B3D3B585122}.Debug|Any CPU.Build.0 = Debug|Any CPU
		{9CCDB289-3DC7-4B47-BCB8-1B3D3B585122}.Debug|Any CPU.Deploy.0 = Debug|Any CPU
		{9CCDB289-3DC7-4B47-BCB8-1B3D3B585122}.Debug|ARM.ActiveCfg = Debug|ARM
		{9CCDB289-3DC7-4B47-BCB8-1B3D3B585122}.Debug|ARM.Build.0 = Debug|ARM
		{9CCDB289-3DC7-4B47-BCB8-1B3D3B585122}.Debug|ARM.Deploy.0 = Debug|ARM
		{9CCDB289-3DC7-4B47-BCB8-1B3D3B585122}.Debug|iPhone.ActiveCfg = Debug|Any CPU
		{9CCDB289-3DC7-4B47-BCB8-1B3D3B585122}.Debug|iPhone.Build.0 = Debug|Any CPU
		{9CCDB289-3DC7-4B47-BCB8-1B3D3B585122}.Debug|iPhone.Deploy.0 = Debug|Any CPU
		{9CCDB289-3DC7-4B47-BCB8-1B3D3B585122}.Debug|iPhoneSimulator.ActiveCfg = Debug|Any CPU
		{9CCDB289-3DC7-4B47-BCB8-1B3D3B585122}.Debug|iPhoneSimulator.Build.0 = Debug|Any CPU
		{9CCDB289-3DC7-4B47-BCB8-1B3D3B585122}.Debug|iPhoneSimulator.Deploy.0 = Debug|Any CPU
		{9CCDB289-3DC7-4B47-BCB8-1B3D3B585122}.Debug|x64.ActiveCfg = Debug|x64
		{9CCDB289-3DC7-4B47-BCB8-1B3D3B585122}.Debug|x64.Build.0 = Debug|x64
		{9CCDB289-3DC7-4B47-BCB8-1B3D3B585122}.Debug|x64.Deploy.0 = Debug|x64
		{9CCDB289-3DC7-4B47-BCB8-1B3D3B585122}.Debug|x86.ActiveCfg = Debug|x86
		{9CCDB289-3DC7-4B47-BCB8-1B3D3B585122}.Debug|x86.Build.0 = Debug|x86
		{9CCDB289-3DC7-4B47-BCB8-1B3D3B585122}.Debug|x86.Deploy.0 = Debug|x86
		{9CCDB289-3DC7-4B47-BCB8-1B3D3B585122}.Release|Any CPU.ActiveCfg = Release|Any CPU
		{9CCDB289-3DC7-4B47-BCB8-1B3D3B585122}.Release|Any CPU.Build.0 = Release|Any CPU
		{9CCDB289-3DC7-4B47-BCB8-1B3D3B585122}.Release|Any CPU.Deploy.0 = Release|Any CPU
		{9CCDB289-3DC7-4B47-BCB8-1B3D3B585122}.Release|ARM.ActiveCfg = Release|ARM
		{9CCDB289-3DC7-4B47-BCB8-1B3D3B585122}.Release|ARM.Build.0 = Release|ARM
		{9CCDB289-3DC7-4B47-BCB8-1B3D3B585122}.Release|ARM.Deploy.0 = Release|ARM
		{9CCDB289-3DC7-4B47-BCB8-1B3D3B585122}.Release|iPhone.ActiveCfg = Release|Any CPU
		{9CCDB289-3DC7-4B47-BCB8-1B3D3B585122}.Release|iPhone.Build.0 = Release|Any CPU
		{9CCDB289-3DC7-4B47-BCB8-1B3D3B585122}.Release|iPhone.Deploy.0 = Release|Any CPU
		{9CCDB289-3DC7-4B47-BCB8-1B3D3B585122}.Release|iPhoneSimulator.ActiveCfg = Release|Any CPU
		{9CCDB289-3DC7-4B47-BCB8-1B3D3B585122}.Release|iPhoneSimulator.Build.0 = Release|Any CPU
		{9CCDB289-3DC7-4B47-BCB8-1B3D3B585122}.Release|iPhoneSimulator.Deploy.0 = Release|Any CPU
		{9CCDB289-3DC7-4B47-BCB8-1B3D3B585122}.Release|x64.ActiveCfg = Release|x64
		{9CCDB289-3DC7-4B47-BCB8-1B3D3B585122}.Release|x64.Build.0 = Release|x64
		{9CCDB289-3DC7-4B47-BCB8-1B3D3B585122}.Release|x64.Deploy.0 = Release|x64
		{9CCDB289-3DC7-4B47-BCB8-1B3D3B585122}.Release|x86.ActiveCfg = Release|x86
		{9CCDB289-3DC7-4B47-BCB8-1B3D3B585122}.Release|x86.Build.0 = Release|x86
		{9CCDB289-3DC7-4B47-BCB8-1B3D3B585122}.Release|x86.Deploy.0 = Release|x86
	EndGlobalSection
	GlobalSection(SolutionProperties) = preSolution
		HideSolutionNode = FALSE
	EndGlobalSection
	GlobalSection(NestedProjects) = preSolution
		{453236E3-D6A8-49E0-883D-F737CB7694FD} = {0A9DAA0D-0EDB-4D7C-9C63-56F7EED693C5}
		{FB7CA291-7DD4-448A-9088-FBFFD9A924F4} = {21F38F06-DD33-42D8-A15B-F2AE958D148E}
		{2538E59D-FC42-435B-A026-D3DEEE4FADA0} = {21F38F06-DD33-42D8-A15B-F2AE958D148E}
		{E67105EC-80ED-4DE9-8F68-084C93F04137} = {21F38F06-DD33-42D8-A15B-F2AE958D148E}
		{7F9801BE-D4FF-4304-9F60-419DC3B88D27} = {21F38F06-DD33-42D8-A15B-F2AE958D148E}
		{7739F5C2-BBC1-4D45-9759-460C2515CE91} = {21F38F06-DD33-42D8-A15B-F2AE958D148E}
		{9CCDB289-3DC7-4B47-BCB8-1B3D3B585122} = {21F38F06-DD33-42D8-A15B-F2AE958D148E}
	EndGlobalSection
EndGlobal
